
Microsoft Visual Studio Solution File, Format Version 12.00
# Visual Studio 15
VisualStudioVersion = 15.0.27004.2002
MinimumVisualStudioVersion = 10.0.40219.1
Project("{FAE04EC0-301F-11D3-BF4B-00C04F79EFBC}") = "Zork", "Zork\Zork.csproj", "{06343EEB-60BF-4947-B7BF-180016820DAF}"
EndProject
Project("{FAE04EC0-301F-11D3-BF4B-00C04F79EFBC}") = "ZorkUnitTest", "ZorkUnitTest\ZorkUnitTest.csproj", "{7CC69D41-CC76-4B79-A0F2-0A7F121B471F}"
EndProject
Global
	GlobalSection(SolutionConfigurationPlatforms) = preSolution
		Debug|Any CPU = Debug|Any CPU
		Release|Any CPU = Release|Any CPU
	EndGlobalSection
	GlobalSection(ProjectConfigurationPlatforms) = postSolution
		{06343EEB-60BF-4947-B7BF-180016820DAF}.Debug|Any CPU.ActiveCfg = Debug|Any CPU
		{06343EEB-60BF-4947-B7BF-180016820DAF}.Debug|Any CPU.Build.0 = Debug|Any CPU
		{06343EEB-60BF-4947-B7BF-180016820DAF}.Release|Any CPU.ActiveCfg = Release|Any CPU
		{06343EEB-60BF-4947-B7BF-180016820DAF}.Release|Any CPU.Build.0 = Release|Any CPU
		{7CC69D41-CC76-4B79-A0F2-0A7F121B471F}.Debug|Any CPU.ActiveCfg = Debug|Any CPU
		{7CC69D41-CC76-4B79-A0F2-0A7F121B471F}.Debug|Any CPU.Build.0 = Debug|Any CPU
		{7CC69D41-CC76-4B79-A0F2-0A7F121B471F}.Release|Any CPU.ActiveCfg = Release|Any CPU
		{7CC69D41-CC76-4B79-A0F2-0A7F121B471F}.Release|Any CPU.Build.0 = Release|Any CPU
	EndGlobalSection
	GlobalSection(SolutionProperties) = preSolution
		HideSolutionNode = FALSE
	EndGlobalSection
	GlobalSection(ExtensibilityGlobals) = postSolution
		SolutionGuid = {9B871176-0BDA-4BF8-8EE5-18FC3C1FCF4D}
	EndGlobalSection
EndGlobal
